// !$*UTF8*$!
{
	archiveVersion = 1;
	classes = {
	};
	objectVersion = 50;
	objects = {

/* Begin PBXBuildFile section */
		17111D112126893D008C7FBE /* AppDelegate.swift in Sources */ = {isa = PBXBuildFile; fileRef = 17111D102126893D008C7FBE /* AppDelegate.swift */; };
		17111D132126893D008C7FBE /* ViewController.swift in Sources */ = {isa = PBXBuildFile; fileRef = 17111D122126893D008C7FBE /* ViewController.swift */; };
		17111D162126893D008C7FBE /* Main.storyboard in Resources */ = {isa = PBXBuildFile; fileRef = 17111D142126893D008C7FBE /* Main.storyboard */; };
		17111D182126893F008C7FBE /* Assets.xcassets in Resources */ = {isa = PBXBuildFile; fileRef = 17111D172126893F008C7FBE /* Assets.xcassets */; };
		17111D1B2126893F008C7FBE /* LaunchScreen.storyboard in Resources */ = {isa = PBXBuildFile; fileRef = 17111D192126893F008C7FBE /* LaunchScreen.storyboard */; };
		17111D2421268982008C7FBE /* ATCWalkthroughModel.swift in Sources */ = {isa = PBXBuildFile; fileRef = 17111D2321268982008C7FBE /* ATCWalkthroughModel.swift */; };
		17111D2A212689BC008C7FBE /* ATCWalkthroughViewController.swift in Sources */ = {isa = PBXBuildFile; fileRef = 17111D26212689BC008C7FBE /* ATCWalkthroughViewController.swift */; };
		17111D2B212689BC008C7FBE /* ATCClassicWalkthroughViewController.xib in Resources */ = {isa = PBXBuildFile; fileRef = 17111D27212689BC008C7FBE /* ATCClassicWalkthroughViewController.xib */; };
		17111D2C212689BC008C7FBE /* ATCWalkthroughViewController.xib in Resources */ = {isa = PBXBuildFile; fileRef = 17111D28212689BC008C7FBE /* ATCWalkthroughViewController.xib */; };
		17111D2D212689BC008C7FBE /* ATCClassicWalkthroughViewController.swift in Sources */ = {isa = PBXBuildFile; fileRef = 17111D29212689BC008C7FBE /* ATCClassicWalkthroughViewController.swift */; };
		17111D3221268A54008C7FBE /* UIImage.swift in Sources */ = {isa = PBXBuildFile; fileRef = 17111D3121268A54008C7FBE /* UIImage.swift */; };
		17111D3421268AD4008C7FBE /* UIColor.swift in Sources */ = {isa = PBXBuildFile; fileRef = 17111D3321268AD4008C7FBE /* UIColor.swift */; };
		17111D3621268B18008C7FBE /* UIViewController.swift in Sources */ = {isa = PBXBuildFile; fileRef = 17111D3521268B18008C7FBE /* UIViewController.swift */; };
/* End PBXBuildFile section */

/* Begin PBXFileReference section */
		17111D0D2126893D008C7FBE /* WalkthroughOnboarding.app */ = {isa = PBXFileReference; explicitFileType = wrapper.application; includeInIndex = 0; path = WalkthroughOnboarding.app; sourceTree = BUILT_PRODUCTS_DIR; };
		17111D102126893D008C7FBE /* AppDelegate.swift */ = {isa = PBXFileReference; lastKnownFileType = sourcecode.swift; path = AppDelegate.swift; sourceTree = "<group>"; };
		17111D122126893D008C7FBE /* ViewController.swift */ = {isa = PBXFileReference; lastKnownFileType = sourcecode.swift; path = ViewController.swift; sourceTree = "<group>"; };
		17111D152126893D008C7FBE /* Base */ = {isa = PBXFileReference; lastKnownFileType = file.storyboard; name = Base; path = Base.lproj/Main.storyboard; sourceTree = "<group>"; };
		17111D172126893F008C7FBE /* Assets.xcassets */ = {isa = PBXFileReference; lastKnownFileType = folder.assetcatalog; path = Assets.xcassets; sourceTree = "<group>"; };
		17111D1A2126893F008C7FBE /* Base */ = {isa = PBXFileReference; lastKnownFileType = file.storyboard; name = Base; path = Base.lproj/LaunchScreen.storyboard; sourceTree = "<group>"; };
		17111D1C2126893F008C7FBE /* Info.plist */ = {isa = PBXFileReference; lastKnownFileType = text.plist.xml; path = Info.plist; sourceTree = "<group>"; };
		17111D2321268982008C7FBE /* ATCWalkthroughModel.swift */ = {isa = PBXFileReference; fileEncoding = 4; lastKnownFileType = sourcecode.swift; path = ATCWalkthroughModel.swift; sourceTree = "<group>"; };
		17111D26212689BC008C7FBE /* ATCWalkthroughViewController.swift */ = {isa = PBXFileReference; fileEncoding = 4; lastKnownFileType = sourcecode.swift; path = ATCWalkthroughViewController.swift; sourceTree = "<group>"; };
		17111D27212689BC008C7FBE /* ATCClassicWalkthroughViewController.xib */ = {isa = PBXFileReference; fileEncoding = 4; lastKnownFileType = file.xib; path = ATCClassicWalkthroughViewController.xib; sourceTree = "<group>"; };
		17111D28212689BC008C7FBE /* ATCWalkthroughViewController.xib */ = {isa = PBXFileReference; fileEncoding = 4; lastKnownFileType = file.xib; path = ATCWalkthroughViewController.xib; sourceTree = "<group>"; };
		17111D29212689BC008C7FBE /* ATCClassicWalkthroughViewController.swift */ = {isa = PBXFileReference; fileEncoding = 4; lastKnownFileType = sourcecode.swift; path = ATCClassicWalkthroughViewController.swift; sourceTree = "<group>"; };
		17111D3121268A54008C7FBE /* UIImage.swift */ = {isa = PBXFileReference; lastKnownFileType = sourcecode.swift; path = UIImage.swift; sourceTree = "<group>"; };
		17111D3321268AD4008C7FBE /* UIColor.swift */ = {isa = PBXFileReference; lastKnownFileType = sourcecode.swift; path = UIColor.swift; sourceTree = "<group>"; };
		17111D3521268B18008C7FBE /* UIViewController.swift */ = {isa = PBXFileReference; lastKnownFileType = sourcecode.swift; path = UIViewController.swift; sourceTree = "<group>"; };
/* End PBXFileReference section */

/* Begin PBXFrameworksBuildPhase section */
		17111D0A2126893D008C7FBE /* Frameworks */ = {
			isa = PBXFrameworksBuildPhase;
			buildActionMask = 2147483647;
			files = (
			);
			runOnlyForDeploymentPostprocessing = 0;
		};
/* End PBXFrameworksBuildPhase section */

/* Begin PBXGroup section */
		17111D042126893D008C7FBE = {
			isa = PBXGroup;
			children = (
				17111D0F2126893D008C7FBE /* WalkthroughOnboarding */,
				17111D0E2126893D008C7FBE /* Products */,
			);
			sourceTree = "<group>";
		};
		17111D0E2126893D008C7FBE /* Products */ = {
			isa = PBXGroup;
			children = (
				17111D0D2126893D008C7FBE /* WalkthroughOnboarding.app */,
			);
			name = Products;
			sourceTree = "<group>";
		};
		17111D0F2126893D008C7FBE /* WalkthroughOnboarding */ = {
			isa = PBXGroup;
			children = (
				17111D3021268A40008C7FBE /* Helpers */,
				17111D2521268994008C7FBE /* View Controllers */,
				17111D2221268963008C7FBE /* Models */,
				17111D102126893D008C7FBE /* AppDelegate.swift */,
				17111D142126893D008C7FBE /* Main.storyboard */,
				17111D172126893F008C7FBE /* Assets.xcassets */,
				17111D192126893F008C7FBE /* LaunchScreen.storyboard */,
				17111D1C2126893F008C7FBE /* Info.plist */,
			);
			path = WalkthroughOnboarding;
			sourceTree = "<group>";
		};
		17111D2221268963008C7FBE /* Models */ = {
			isa = PBXGroup;
			children = (
				17111D2321268982008C7FBE /* ATCWalkthroughModel.swift */,
			);
			path = Models;
			sourceTree = "<group>";
		};
		17111D2521268994008C7FBE /* View Controllers */ = {
			isa = PBXGroup;
			children = (
				17111D122126893D008C7FBE /* ViewController.swift */,
				17111D29212689BC008C7FBE /* ATCClassicWalkthroughViewController.swift */,
				17111D27212689BC008C7FBE /* ATCClassicWalkthroughViewController.xib */,
				17111D26212689BC008C7FBE /* ATCWalkthroughViewController.swift */,
				17111D28212689BC008C7FBE /* ATCWalkthroughViewController.xib */,
			);
			path = "View Controllers";
			sourceTree = "<group>";
		};
		17111D3021268A40008C7FBE /* Helpers */ = {
			isa = PBXGroup;
			children = (
				17111D3121268A54008C7FBE /* UIImage.swift */,
				17111D3321268AD4008C7FBE /* UIColor.swift */,
				17111D3521268B18008C7FBE /* UIViewController.swift */,
			);
			path = Helpers;
			sourceTree = "<group>";
		};
/* End PBXGroup section */

/* Begin PBXNativeTarget section */
		17111D0C2126893D008C7FBE /* WalkthroughOnboarding */ = {
			isa = PBXNativeTarget;
			buildConfigurationList = 17111D1F2126893F008C7FBE /* Build configuration list for PBXNativeTarget "WalkthroughOnboarding" */;
			buildPhases = (
				17111D092126893D008C7FBE /* Sources */,
				17111D0A2126893D008C7FBE /* Frameworks */,
				17111D0B2126893D008C7FBE /* Resources */,
			);
			buildRules = (
			);
			dependencies = (
			);
			name = WalkthroughOnboarding;
			productName = WalkthroughOnboarding;
			productReference = 17111D0D2126893D008C7FBE /* WalkthroughOnboarding.app */;
			productType = "com.apple.product-type.application";
		};
/* End PBXNativeTarget section */

/* Begin PBXProject section */
		17111D052126893D008C7FBE /* Project object */ = {
			isa = PBXProject;
			attributes = {
				LastSwiftUpdateCheck = 0930;
				LastUpgradeCheck = 0930;
				ORGANIZATIONNAME = Instamobile;
				TargetAttributes = {
					17111D0C2126893D008C7FBE = {
						CreatedOnToolsVersion = 9.3;
					};
				};
			};
			buildConfigurationList = 17111D082126893D008C7FBE /* Build configuration list for PBXProject "WalkthroughOnboarding" */;
			compatibilityVersion = "Xcode 9.3";
			developmentRegion = en;
			hasScannedForEncodings = 0;
			knownRegions = (
				en,
				Base,
			);
			mainGroup = 17111D042126893D008C7FBE;
			productRefGroup = 17111D0E2126893D008C7FBE /* Products */;
			projectDirPath = "";
			projectRoot = "";
			targets = (
				17111D0C2126893D008C7FBE /* WalkthroughOnboarding */,
			);
		};
/* End PBXProject section */

/* Begin PBXResourcesBuildPhase section */
		17111D0B2126893D008C7FBE /* Resources */ = {
			isa = PBXResourcesBuildPhase;
			buildActionMask = 2147483647;
			files = (
				17111D1B2126893F008C7FBE /* LaunchScreen.storyboard in Resources */,
				17111D2C212689BC008C7FBE /* ATCWalkthroughViewController.xib in Resources */,
				17111D2B212689BC008C7FBE /* ATCClassicWalkthroughViewController.xib in Resources */,
				17111D182126893F008C7FBE /* Assets.xcassets in Resources */,
				17111D162126893D008C7FBE /* Main.storyboard in Resources */,
			);
			runOnlyForDeploymentPostprocessing = 0;
		};
/* End PBXResourcesBuildPhase section */

/* Begin PBXSourcesBuildPhase section */
		17111D092126893D008C7FBE /* Sources */ = {
			isa = PBXSourcesBuildPhase;
			buildActionMask = 2147483647;
			files = (
				17111D2A212689BC008C7FBE /* ATCWalkthroughViewController.swift in Sources */,
				17111D3421268AD4008C7FBE /* UIColor.swift in Sources */,
				17111D2D212689BC008C7FBE /* ATCClassicWalkthroughViewController.swift in Sources */,
				17111D132126893D008C7FBE /* ViewController.swift in Sources */,
				17111D3221268A54008C7FBE /* UIImage.swift in Sources */,
				17111D112126893D008C7FBE /* AppDelegate.swift in Sources */,
				17111D3621268B18008C7FBE /* UIViewController.swift in Sources */,
				17111D2421268982008C7FBE /* ATCWalkthroughModel.swift in Sources */,
			);
			runOnlyForDeploymentPostprocessing = 0;
		};
/* End PBXSourcesBuildPhase section */

/* Begin PBXVariantGroup section */
		17111D142126893D008C7FBE /* Main.storyboard */ = {
			isa = PBXVariantGroup;
			children = (
				17111D152126893D008C7FBE /* Base */,
			);
			name = Main.storyboard;
			sourceTree = "<group>";
		};
		17111D192126893F008C7FBE /* LaunchScreen.storyboard */ = {
			isa = PBXVariantGroup;
			children = (
				17111D1A2126893F008C7FBE /* Base */,
			);
			name = LaunchScreen.storyboard;
			sourceTree = "<group>";
		};
/* End PBXVariantGroup section */

/* Begin XCBuildConfiguration section */
		17111D1D2126893F008C7FBE /* Debug */ = {
			isa = XCBuildConfiguration;
			buildSettings = {
				ALWAYS_SEARCH_USER_PATHS = NO;
				CLANG_ANALYZER_NONNULL = YES;
				CLANG_ANALYZER_NUMBER_OBJECT_CONVERSION = YES_AGGRESSIVE;
				CLANG_CXX_LANGUAGE_STANDARD = "gnu++14";
				CLANG_CXX_LIBRARY = "libc++";
				CLANG_ENABLE_MODULES = YES;
				CLANG_ENABLE_OBJC_ARC = YES;
				CLANG_ENABLE_OBJC_WEAK = YES;
				CLANG_WARN_BLOCK_CAPTURE_AUTORELEASING = YES;
				CLANG_WARN_BOOL_CONVERSION = YES;
				CLANG_WARN_COMMA = YES;
				CLANG_WARN_CONSTANT_CONVERSION = YES;
				CLANG_WARN_DEPRECATED_OBJC_IMPLEMENTATIONS = YES;
				CLANG_WARN_DIRECT_OBJC_ISA_USAGE = YES_ERROR;
				CLANG_WARN_DOCUMENTATION_COMMENTS = YES;
				CLANG_WARN_EMPTY_BODY = YES;
				CLANG_WARN_ENUM_CONVERSION = YES;
				CLANG_WARN_INFINITE_RECURSION = YES;
				CLANG_WARN_INT_CONVERSION = YES;
				CLANG_WARN_NON_LITERAL_NULL_CONVERSION = YES;
				CLANG_WARN_OBJC_IMPLICIT_RETAIN_SELF = YES;
				CLANG_WARN_OBJC_LITERAL_CONVERSION = YES;
				CLANG_WARN_OBJC_ROOT_CLASS = YES_ERROR;
				CLANG_WARN_RANGE_LOOP_ANALYSIS = YES;
				CLANG_WARN_STRICT_PROTOTYPES = YES;
				CLANG_WARN_SUSPICIOUS_MOVE = YES;
				CLANG_WARN_UNGUARDED_AVAILABILITY = YES_AGGRESSIVE;
				CLANG_WARN_UNREACHABLE_CODE = YES;
				CLANG_WARN__DUPLICATE_METHOD_MATCH = YES;
				CODE_SIGN_IDENTITY = "iPhone Developer";
				COPY_PHASE_STRIP = NO;
				DEBUG_INFORMATION_FORMAT = dwarf;
				ENABLE_STRICT_OBJC_MSGSEND = YES;
				ENABLE_TESTABILITY = YES;
				GCC_C_LANGUAGE_STANDARD = gnu11;
				GCC_DYNAMIC_NO_PIC = NO;
				GCC_NO_COMMON_BLOCKS = YES;
				GCC_OPTIMIZATION_LEVEL = 0;
				GCC_PREPROCESSOR_DEFINITIONS = (
					"DEBUG=1",
					"$(inherited)",
				);
				GCC_WARN_64_TO_32_BIT_CONVERSION = YES;
				GCC_WARN_ABOUT_RETURN_TYPE = YES_ERROR;
				GCC_WARN_UNDECLARED_SELECTOR = YES;
				GCC_WARN_UNINITIALIZED_AUTOS = YES_AGGRESSIVE;
				GCC_WARN_UNUSED_FUNCTION = YES;
				GCC_WARN_UNUSED_VARIABLE = YES;
				IPHONEOS_DEPLOYMENT_TARGET = 11.3;
				MTL_ENABLE_DEBUG_INFO = YES;
				ONLY_ACTIVE_ARCH = YES;
				SDKROOT = iphoneos;
				SWIFT_ACTIVE_COMPILATION_CONDITIONS = DEBUG;
				SWIFT_OPTIMIZATION_LEVEL = "-Onone";
			};
			name = Debug;
		};
		17111D1E2126893F008C7FBE /* Release */ = {
			isa = XCBuildConfiguration;
			buildSettings = {
				ALWAYS_SEARCH_USER_PATHS = NO;
				CLANG_ANALYZER_NONNULL = YES;
				CLANG_ANALYZER_NUMBER_OBJECT_CONVERSION = YES_AGGRESSIVE;
				CLANG_CXX_LANGUAGE_STANDARD = "gnu++14";
				CLANG_CXX_LIBRARY = "libc++";
				CLANG_ENABLE_MODULES = YES;
				CLANG_ENABLE_OBJC_ARC = YES;
				CLANG_ENABLE_OBJC_WEAK = YES;
				CLANG_WARN_BLOCK_CAPTURE_AUTORELEASING = YES;
				CLANG_WARN_BOOL_CONVERSION = YES;
				CLANG_WARN_COMMA = YES;
				CLANG_WARN_CONSTANT_CONVERSION = YES;
				CLANG_WARN_DEPRECATED_OBJC_IMPLEMENTATIONS = YES;
				CLANG_WARN_DIRECT_OBJC_ISA_USAGE = YES_ERROR;
				CLANG_WARN_DOCUMENTATION_COMMENTS = YES;
				CLANG_WARN_EMPTY_BODY = YES;
				CLANG_WARN_ENUM_CONVERSION = YES;
				CLANG_WARN_INFINITE_RECURSION = YES;
				CLANG_WARN_INT_CONVERSION = YES;
				CLANG_WARN_NON_LITERAL_NULL_CONVERSION = YES;
				CLANG_WARN_OBJC_IMPLICIT_RETAIN_SELF = YES;
				CLANG_WARN_OBJC_LITERAL_CONVERSION = YES;
				CLANG_WARN_OBJC_ROOT_CLASS = YES_ERROR;
				CLANG_WARN_RANGE_LOOP_ANALYSIS = YES;
				CLANG_WARN_STRICT_PROTOTYPES = YES;
				CLANG_WARN_SUSPICIOUS_MOVE = YES;
				CLANG_WARN_UNGUARDED_AVAILABILITY = YES_AGGRESSIVE;
				CLANG_WARN_UNREACHABLE_CODE = YES;
				CLANG_WARN__DUPLICATE_METHOD_MATCH = YES;
				CODE_SIGN_IDENTITY = "iPhone Developer";
				COPY_PHASE_STRIP = NO;
				DEBUG_INFORMATION_FORMAT = "dwarf-with-dsym";
				ENABLE_NS_ASSERTIONS = NO;
				ENABLE_STRICT_OBJC_MSGSEND = YES;
				GCC_C_LANGUAGE_STANDARD = gnu11;
				GCC_NO_COMMON_BLOCKS = YES;
				GCC_WARN_64_TO_32_BIT_CONVERSION = YES;
				GCC_WARN_ABOUT_RETURN_TYPE = YES_ERROR;
				GCC_WARN_UNDECLARED_SELECTOR = YES;
				GCC_WARN_UNINITIALIZED_AUTOS = YES_AGGRESSIVE;
				GCC_WARN_UNUSED_FUNCTION = YES;
				GCC_WARN_UNUSED_VARIABLE = YES;
				IPHONEOS_DEPLOYMENT_TARGET = 11.3;
				MTL_ENABLE_DEBUG_INFO = NO;
				SDKROOT = iphoneos;
				SWIFT_COMPILATION_MODE = wholemodule;
				SWIFT_OPTIMIZATION_LEVEL = "-O";
				VALIDATE_PRODUCT = YES;
			};
			name = Release;
		};
		17111D202126893F008C7FBE /* Debug */ = {
			isa = XCBuildConfiguration;
			buildSettings = {
				ASSETCATALOG_COMPILER_APPICON_NAME = AppIcon;
				CODE_SIGN_STYLE = Automatic;
				DEVELOPMENT_TEAM = JSQ6T9Y6J4;
				INFOPLIST_FILE = WalkthroughOnboarding/Info.plist;
				LD_RUNPATH_SEARCH_PATHS = (
					"$(inherited)",
					"@executable_path/Frameworks",
				);
				PRODUCT_BUNDLE_IDENTIFIER = io.instamobile.WalkthroughOnboarding;
				PRODUCT_NAME = "$(TARGET_NAME)";
				SWIFT_VERSION = 5.0;
				TARGETED_DEVICE_FAMILY = "1,2";
			};
			name = Debug;
		};
		17111D212126893F008C7FBE /* Release */ = {
			isa = XCBuildConfiguration;
			buildSettings = {
				ASSETCATALOG_COMPILER_APPICON_NAME = AppIcon;
				CODE_SIGN_STYLE = Automatic;
				DEVELOPMENT_TEAM = JSQ6T9Y6J4;
				INFOPLIST_FILE = WalkthroughOnboarding/Info.plist;
				LD_RUNPATH_SEARCH_PATHS = (
					"$(inherited)",
					"@executable_path/Frameworks",
				);
				PRODUCT_BUNDLE_IDENTIFIER = io.instamobile.WalkthroughOnboarding;
				PRODUCT_NAME = "$(TARGET_NAME)";
				SWIFT_VERSION = 5.0;
				TARGETED_DEVICE_FAMILY = "1,2";
			};
			name = Release;
		};
/* End XCBuildConfiguration section */

/* Begin XCConfigurationList section */
		17111D082126893D008C7FBE /* Build configuration list for PBXProject "WalkthroughOnboarding" */ = {
			isa = XCConfigurationList;
			buildConfigurations = (
				17111D1D2126893F008C7FBE /* Debug */,
				17111D1E2126893F008C7FBE /* Release */,
			);
			defaultConfigurationIsVisible = 0;
			defaultConfigurationName = Release;
		};
		17111D1F2126893F008C7FBE /* Build configuration list for PBXNativeTarget "WalkthroughOnboarding" */ = {
			isa = XCConfigurationList;
			buildConfigurations = (
				17111D202126893F008C7FBE /* Debug */,
				17111D212126893F008C7FBE /* Release */,
			);
			defaultConfigurationIsVisible = 0;
			defaultConfigurationName = Release;
		};
/* End XCConfigurationList section */
	};
	rootObject = 17111D052126893D008C7FBE /* Project object */;
}
